
Microsoft Visual Studio Solution File, Format Version 12.00
# Visual Studio Version 17
VisualStudioVersion = 17.12.35514.174 d17.12
MinimumVisualStudioVersion = 10.0.40219.1
Project("{FAE04EC0-301F-11D3-BF4B-00C04F79EFBC}") = "IP2C_consumer", "IP2C_consumer.csproj", "{B04E200A-66D4-4CF3-A622-8C7AE97AB64C}"
EndProject
Global
	GlobalSection(SolutionConfigurationPlatforms) = preSolution
		Debug|Any CPU = Debug|Any CPU
		Release|Any CPU = Release|Any CPU
	EndGlobalSection
	GlobalSection(ProjectConfigurationPlatforms) = postSolution
		{B04E200A-66D4-4CF3-A622-8C7AE97AB64C}.Debug|Any CPU.ActiveCfg = Debug|Any CPU
		{B04E200A-66D4-4CF3-A622-8C7AE97AB64C}.Debug|Any CPU.Build.0 = Debug|Any CPU
		{B04E200A-66D4-4CF3-A622-8C7AE97AB64C}.Release|Any CPU.ActiveCfg = Release|Any CPU
		{B04E200A-66D4-4CF3-A622-8C7AE97AB64C}.Release|Any CPU.Build.0 = Release|Any CPU
	EndGlobalSection
	GlobalSection(SolutionProperties) = preSolution
		HideSolutionNode = FALSE
	EndGlobalSection
EndGlobal
